// !$*UTF8*$!
{
	archiveVersion = 1;
	classes = {
	};
	objectVersion = 77;
	objects = {

/* Begin PBXBuildFile section */
		B7C8D9E0F1A200000000001B /* FilmCameraWidget.appex in Embed Foundation Extensions */ = {isa = PBXBuildFile; fileRef = B7C8D9E0F1A2000000000010 /* FilmCameraWidget.appex */; settings = {ATTRIBUTES = (RemoveHeadersOnCopy, ); }; };
		B7C8D9E0F1A2000000000021 /* FilmCameraNotify.appex in Embed Foundation Extensions */ = {isa = PBXBuildFile; fileRef = B7C8D9E0F1A2000000000020 /* FilmCameraNotify.appex */; settings = {ATTRIBUTES = (RemoveHeadersOnCopy, ); }; };
/* End PBXBuildFile section */

/* Begin PBXContainerItemProxy section */
		B7C8D9E0F1A200000000001C /* PBXContainerItemProxy */ = {
			isa = PBXContainerItemProxy;
			containerPortal = B7C8D9E0F1A200000000000A /* Project object */;
			proxyType = 1;
			remoteGlobalIDString = B7C8D9E0F1A2000000000016;
			remoteInfo = FilmCameraWidget;
		};
		B7C8D9E0F1A200000000002A /* PBXContainerItemProxy */ = {
			isa = PBXContainerItemProxy;
			containerPortal = B7C8D9E0F1A200000000000A /* Project object */;
			proxyType = 1;
			remoteGlobalIDString = B7C8D9E0F1A2000000000026;
			remoteInfo = FilmCameraNotify;
		};
/* End PBXContainerItemProxy section */

/* Begin PBXCopyFilesBuildPhase section */
		B7C8D9E0F1A200000000001A /* Embed Foundation Extensions */ = {
			isa = PBXCopyFilesBuildPhase;
			buildActionMask = 2147483647;
			dstPath = "";
			dstSubfolderSpec = 13;
			files = (
				B7C8D9E0F1A200000000001B /* FilmCameraWidget.appex in Embed Foundation Extensions */,
				B7C8D9E0F1A2000000000021 /* FilmCameraNotify.appex in Embed Foundation Extensions */,
			);
			name = "Embed Foundation Extensions";
			runOnlyForDeploymentPostprocessing = 0;
		};
/* End PBXCopyFilesBuildPhase section */

/* Begin PBXFileReference section */
		B7C8D9E0F1A2000000000001 /* FilmCamera.app */ = {isa = PBXFileReference; explicitFileType = wrapper.application; includeInIndex = 0; path = FilmCamera.app; sourceTree = BUILT_PRODUCTS_DIR; };
		B7C8D9E0F1A2000000000010 /* FilmCameraWidget.appex */ = {isa = PBXFileReference; explicitFileType = "wrapper.app-extension"; includeInIndex = 0; path = FilmCameraWidget.appex; sourceTree = BUILT_PRODUCTS_DIR; };
		B7C8D9E0F1A2000000000020 /* FilmCameraNotify.appex */ = {isa = PBXFileReference; explicitFileType = "wrapper.app-extension"; includeInIndex = 0; path = FilmCameraNotify.appex; sourceTree = BUILT_PRODUCTS_DIR; };
/* End PBXFileReference section */

/* Begin PBXFileSystemSynchronizedRootGroup section */
		B7C8D9E0F1A2000000000002 /* FilmCamera */ = {
			isa = PBXFileSystemSynchronizedRootGroup;
			path = FilmCamera;
			sourceTree = "<group>";
		};
		B7C8D9E0F1A2000000000011 /* Shared */ = {
			isa = PBXFileSystemSynchronizedRootGroup;
			path = Shared;
			sourceTree = "<group>";
		};
		B7C8D9E0F1A2000000000012 /* FilmCameraWidget */ = {
			isa = PBXFileSystemSynchronizedRootGroup;
			path = FilmCameraWidget;
			sourceTree = "<group>";
		};
		B7C8D9E0F1A2000000000022 /* FilmCameraNotify */ = {
			isa = PBXFileSystemSynchronizedRootGroup;
			path = FilmCameraNotify;
			sourceTree = "<group>";
		};
/* End PBXFileSystemSynchronizedRootGroup section */

/* Begin PBXFrameworksBuildPhase section */
		B7C8D9E0F1A2000000000003 /* Frameworks */ = {
			isa = PBXFrameworksBuildPhase;
			buildActionMask = 2147483647;
			files = (
			);
			runOnlyForDeploymentPostprocessing = 0;
		};
		B7C8D9E0F1A2000000000013 /* Frameworks */ = {
			isa = PBXFrameworksBuildPhase;
			buildActionMask = 2147483647;
			files = (
			);
			runOnlyForDeploymentPostprocessing = 0;
		};
		B7C8D9E0F1A2000000000023 /* Frameworks */ = {
			isa = PBXFrameworksBuildPhase;
			buildActionMask = 2147483647;
			files = (
			);
			runOnlyForDeploymentPostprocessing = 0;
		};
/* End PBXFrameworksBuildPhase section */

/* Begin PBXGroup section */
		B7C8D9E0F1A2000000000004 = {
			isa = PBXGroup;
			children = (
				B7C8D9E0F1A2000000000002 /* FilmCamera */,
				B7C8D9E0F1A2000000000011 /* Shared */,
				B7C8D9E0F1A2000000000012 /* FilmCameraWidget */,
				B7C8D9E0F1A2000000000022 /* FilmCameraNotify */,
				B7C8D9E0F1A2000000000005 /* Products */,
			);
			sourceTree = "<group>";
		};
		B7C8D9E0F1A2000000000005 /* Products */ = {
			isa = PBXGroup;
			children = (
				B7C8D9E0F1A2000000000001 /* FilmCamera.app */,
				B7C8D9E0F1A2000000000010 /* FilmCameraWidget.appex */,
				B7C8D9E0F1A2000000000020 /* FilmCameraNotify.appex */,
			);
			name = Products;
			sourceTree = "<group>";
		};
/* End PBXGroup section */

/* Begin PBXNativeTarget section */
		B7C8D9E0F1A2000000000006 /* FilmCamera */ = {
			isa = PBXNativeTarget;
			buildConfigurationList = B7C8D9E0F1A2000000000007 /* Build configuration list for PBXNativeTarget "FilmCamera" */;
			buildPhases = (
				B7C8D9E0F1A2000000000008 /* Sources */,
				B7C8D9E0F1A2000000000003 /* Frameworks */,
				B7C8D9E0F1A2000000000009 /* Resources */,
				B7C8D9E0F1A200000000001A /* Embed Foundation Extensions */,
			);
			buildRules = (
			);
			dependencies = (
				B7C8D9E0F1A200000000001D /* PBXTargetDependency */,
				B7C8D9E0F1A200000000002B /* PBXTargetDependency */,
			);
			fileSystemSynchronizedGroups = (
				B7C8D9E0F1A2000000000002 /* FilmCamera */,
				B7C8D9E0F1A2000000000011 /* Shared */,
			);
			name = FilmCamera;
			packageProductDependencies = (
			);
			productName = FilmCamera;
			productReference = B7C8D9E0F1A2000000000001 /* FilmCamera.app */;
			productType = "com.apple.product-type.application";
		};
		B7C8D9E0F1A2000000000016 /* FilmCameraWidget */ = {
			isa = PBXNativeTarget;
			buildConfigurationList = B7C8D9E0F1A2000000000017 /* Build configuration list for PBXNativeTarget "FilmCameraWidget" */;
			buildPhases = (
				B7C8D9E0F1A2000000000014 /* Sources */,
				B7C8D9E0F1A2000000000013 /* Frameworks */,
				B7C8D9E0F1A2000000000015 /* Resources */,
			);
			buildRules = (
			);
			dependencies = (
			);
			fileSystemSynchronizedGroups = (
				B7C8D9E0F1A2000000000011 /* Shared */,
				B7C8D9E0F1A2000000000012 /* FilmCameraWidget */,
			);
			name = FilmCameraWidget;
			packageProductDependencies = (
			);
			productName = FilmCameraWidget;
			productReference = B7C8D9E0F1A2000000000010 /* FilmCameraWidget.appex */;
			productType = "com.apple.product-type.app-extension";
		};
		B7C8D9E0F1A2000000000026 /* FilmCameraNotify */ = {
			isa = PBXNativeTarget;
			buildConfigurationList = B7C8D9E0F1A2000000000027 /* Build configuration list for PBXNativeTarget "FilmCameraNotify" */;
			buildPhases = (
				B7C8D9E0F1A2000000000024 /* Sources */,
				B7C8D9E0F1A2000000000023 /* Frameworks */,
				B7C8D9E0F1A2000000000025 /* Resources */,
			);
			buildRules = (
			);
			dependencies = (
			);
			fileSystemSynchronizedGroups = (
				B7C8D9E0F1A2000000000011 /* Shared */,
				B7C8D9E0F1A2000000000022 /* FilmCameraNotify */,
			);
			name = FilmCameraNotify;
			packageProductDependencies = (
			);
			productName = FilmCameraNotify;
			productReference = B7C8D9E0F1A2000000000020 /* FilmCameraNotify.appex */;
			productType = "com.apple.product-type.app-extension";
		};
/* End PBXNativeTarget section */

/* Begin PBXProject section */
		B7C8D9E0F1A200000000000A /* Project object */ = {
			isa = PBXProject;
			attributes = {
				BuildIndependentTargetsInParallel = 1;
				LastSwiftUpdateCheck = 1600;
				LastUpgradeCheck = 1600;
				TargetAttributes = {
					B7C8D9E0F1A2000000000006 = {
						CreatedOnToolsVersion = 16.0;
					};
					B7C8D9E0F1A2000000000016 = {
						CreatedOnToolsVersion = 16.0;
					};
					B7C8D9E0F1A2000000000026 = {
						CreatedOnToolsVersion = 16.0;
					};
				};
			};
			buildConfigurationList = B7C8D9E0F1A200000000000B /* Build configuration list for PBXProject "FilmCamera" */;
			developmentRegion = ja;
			hasScannedForEncodings = 0;
			knownRegions = (
				ja,
				en,
				Base,
			);
			mainGroup = B7C8D9E0F1A2000000000004;
			minimizedProjectReferenceProxies = 1;
			preferredProjectObjectVersion = 77;
			productRefGroup = B7C8D9E0F1A2000000000005 /* Products */;
			projectDirPath = "";
			projectRoot = "";
			targets = (
				B7C8D9E0F1A2000000000006 /* FilmCamera */,
				B7C8D9E0F1A2000000000016 /* FilmCameraWidget */,
				B7C8D9E0F1A2000000000026 /* FilmCameraNotify */,
			);
		};
/* End PBXProject section */

/* Begin PBXResourcesBuildPhase section */
		B7C8D9E0F1A2000000000009 /* Resources */ = {
			isa = PBXResourcesBuildPhase;
			buildActionMask = 2147483647;
			files = (
			);
			runOnlyForDeploymentPostprocessing = 0;
		};
		B7C8D9E0F1A2000000000015 /* Resources */ = {
			isa = PBXResourcesBuildPhase;
			buildActionMask = 2147483647;
			files = (
			);
			runOnlyForDeploymentPostprocessing = 0;
		};
		B7C8D9E0F1A2000000000025 /* Resources */ = {
			isa = PBXResourcesBuildPhase;
			buildActionMask = 2147483647;
			files = (
			);
			runOnlyForDeploymentPostprocessing = 0;
		};
/* End PBXResourcesBuildPhase section */

/* Begin PBXSourcesBuildPhase section */
		B7C8D9E0F1A2000000000008 /* Sources */ = {
			isa = PBXSourcesBuildPhase;
			buildActionMask = 2147483647;
			files = (
			);
			runOnlyForDeploymentPostprocessing = 0;
		};
		B7C8D9E0F1A2000000000014 /* Sources */ = {
			isa = PBXSourcesBuildPhase;
			buildActionMask = 2147483647;
			files = (
			);
			runOnlyForDeploymentPostprocessing = 0;
		};
		B7C8D9E0F1A2000000000024 /* Sources */ = {
			isa = PBXSourcesBuildPhase;
			buildActionMask = 2147483647;
			files = (
			);
			runOnlyForDeploymentPostprocessing = 0;
		};
/* End PBXSourcesBuildPhase section */

/* Begin PBXTargetDependency section */
		B7C8D9E0F1A200000000001D /* PBXTargetDependency */ = {
			isa = PBXTargetDependency;
			target = B7C8D9E0F1A2000000000016 /* FilmCameraWidget */;
			targetProxy = B7C8D9E0F1A200000000001C /* PBXContainerItemProxy */;
		};
		B7C8D9E0F1A200000000002B /* PBXTargetDependency */ = {
			isa = PBXTargetDependency;
			target = B7C8D9E0F1A2000000000026 /* FilmCameraNotify */;
			targetProxy = B7C8D9E0F1A200000000002A /* PBXContainerItemProxy */;
		};
/* End PBXTargetDependency section */

/* Begin XCBuildConfiguration section */
		B7C8D9E0F1A200000000000C /* Debug */ = {
			isa = XCBuildConfiguration;
			buildSettings = {
				ALWAYS_SEARCH_USER_PATHS = NO;
				APP_BUNDLE_ID = com.marugenyori.filmcamera;
				ASSETCATALOG_COMPILER_GENERATE_SWIFT_ASSET_SYMBOL_EXTENSIONS = YES;
				CLANG_ANALYZER_NONNULL = YES;
				CLANG_ENABLE_MODULES = YES;
				CLANG_ENABLE_OBJC_ARC = YES;
				COPY_PHASE_STRIP = NO;
				DEBUG_INFORMATION_FORMAT = dwarf;
				ENABLE_STRICT_OBJC_MSGSEND = YES;
				ENABLE_TESTABILITY = YES;
				ENABLE_USER_SCRIPT_SANDBOXING = YES;
				GCC_C_LANGUAGE_STANDARD = gnu17;
				GCC_DYNAMIC_NO_PIC = NO;
				GCC_NO_COMMON_BLOCKS = YES;
				GCC_OPTIMIZATION_LEVEL = 0;
				GCC_PREPROCESSOR_DEFINITIONS = (
					"DEBUG=1",
					"$(inherited)",
				);
				IPHONEOS_DEPLOYMENT_TARGET = 17.0;
				LOCALIZATION_PREFERS_STRING_CATALOGS = YES;
				MTL_ENABLE_DEBUG_INFO = INCLUDE_SOURCE;
				MTL_FAST_MATH = YES;
				ONLY_ACTIVE_ARCH = YES;
				SDKROOT = iphoneos;
				SWIFT_ACTIVE_COMPILATION_CONDITIONS = "DEBUG $(inherited)";
				SWIFT_OPTIMIZATION_LEVEL = "-Onone";
			};
			name = Debug;
		};
		B7C8D9E0F1A200000000000D /* Release */ = {
			isa = XCBuildConfiguration;
			buildSettings = {
				ALWAYS_SEARCH_USER_PATHS = NO;
				APP_BUNDLE_ID = com.marugenyori.filmcamera;
				ASSETCATALOG_COMPILER_GENERATE_SWIFT_ASSET_SYMBOL_EXTENSIONS = YES;
				CLANG_ANALYZER_NONNULL = YES;
				CLANG_ENABLE_MODULES = YES;
				CLANG_ENABLE_OBJC_ARC = YES;
				COPY_PHASE_STRIP = NO;
				DEBUG_INFORMATION_FORMAT = "dwarf-with-dsym";
				ENABLE_NS_ASSERTIONS = NO;
				ENABLE_STRICT_OBJC_MSGSEND = YES;
				ENABLE_USER_SCRIPT_SANDBOXING = YES;
				GCC_C_LANGUAGE_STANDARD = gnu17;
				GCC_NO_COMMON_BLOCKS = YES;
				IPHONEOS_DEPLOYMENT_TARGET = 17.0;
				LOCALIZATION_PREFERS_STRING_CATALOGS = YES;
				MTL_ENABLE_DEBUG_INFO = NO;
				MTL_FAST_MATH = YES;
				SDKROOT = iphoneos;
				SWIFT_COMPILATION_MODE = wholemodule;
				VALIDATE_PRODUCT = YES;
			};
			name = Release;
		};
		B7C8D9E0F1A200000000000E /* Debug */ = {
			isa = XCBuildConfiguration;
			buildSettings = {
				ASSETCATALOG_COMPILER_APPICON_NAME = AppIcon;
				ASSETCATALOG_COMPILER_GLOBAL_ACCENT_COLOR_NAME = AccentColor;
				CODE_SIGN_ENTITLEMENTS = Config/FilmCamera.entitlements;
				CODE_SIGN_STYLE = Automatic;
				INFOPLIST_FILE = "Config/FilmCamera-Info.plist";
				CURRENT_PROJECT_VERSION = 1;
				DEVELOPMENT_TEAM = "";
				ENABLE_PREVIEWS = YES;
				GENERATE_INFOPLIST_FILE = YES;
				INFOPLIST_KEY_CFBundleDisplayName = "フィルムカメラ";
				INFOPLIST_KEY_ITSAppUsesNonExemptEncryption = NO;
				INFOPLIST_KEY_LSApplicationCategoryType = "public.app-category.photography";
				INFOPLIST_KEY_NSCameraUsageDescription = "フィルム風・フラッシュ風などの見え方で撮影するためにカメラを使います。";
				INFOPLIST_KEY_NSLocationWhenInUseUsageDescription = "撮った場所を共有アルバムの地図に表示するために、位置情報を使います。";
				INFOPLIST_KEY_NSMicrophoneUsageDescription = "動画の音声を録音するためにマイクを使います。";
				INFOPLIST_KEY_NSPhotoLibraryAddUsageDescription = "撮った写真を写真アプリに保存するために使います。";
				INFOPLIST_KEY_UIApplicationSceneManifest_Generation = YES;
				INFOPLIST_KEY_UIApplicationSupportsIndirectInputEvents = YES;
				INFOPLIST_KEY_UILaunchScreen_Generation = YES;
				INFOPLIST_KEY_UIStatusBarHidden = YES;
				INFOPLIST_KEY_UIRequiresFullScreen = YES;
				INFOPLIST_KEY_UISupportedInterfaceOrientations_iPad = UIInterfaceOrientationPortrait;
				INFOPLIST_KEY_UISupportedInterfaceOrientations_iPhone = UIInterfaceOrientationPortrait;
				LD_RUNPATH_SEARCH_PATHS = (
					"$(inherited)",
					"@executable_path/Frameworks",
				);
				MARKETING_VERSION = 1.0;
				PRODUCT_BUNDLE_IDENTIFIER = "$(APP_BUNDLE_ID)";
				PRODUCT_NAME = "$(TARGET_NAME)";
				SWIFT_EMIT_LOC_STRINGS = YES;
				SWIFT_VERSION = 5.0;
				TARGETED_DEVICE_FAMILY = "1,2";
			};
			name = Debug;
		};
		B7C8D9E0F1A200000000000F /* Release */ = {
			isa = XCBuildConfiguration;
			buildSettings = {
				ASSETCATALOG_COMPILER_APPICON_NAME = AppIcon;
				ASSETCATALOG_COMPILER_GLOBAL_ACCENT_COLOR_NAME = AccentColor;
				CODE_SIGN_ENTITLEMENTS = Config/FilmCamera.entitlements;
				CODE_SIGN_STYLE = Automatic;
				INFOPLIST_FILE = "Config/FilmCamera-Info.plist";
				CURRENT_PROJECT_VERSION = 1;
				DEVELOPMENT_TEAM = "";
				ENABLE_PREVIEWS = YES;
				GENERATE_INFOPLIST_FILE = YES;
				INFOPLIST_KEY_CFBundleDisplayName = "フィルムカメラ";
				INFOPLIST_KEY_ITSAppUsesNonExemptEncryption = NO;
				INFOPLIST_KEY_LSApplicationCategoryType = "public.app-category.photography";
				INFOPLIST_KEY_NSCameraUsageDescription = "フィルム風・フラッシュ風などの見え方で撮影するためにカメラを使います。";
				INFOPLIST_KEY_NSLocationWhenInUseUsageDescription = "撮った場所を共有アルバムの地図に表示するために、位置情報を使います。";
				INFOPLIST_KEY_NSMicrophoneUsageDescription = "動画の音声を録音するためにマイクを使います。";
				INFOPLIST_KEY_NSPhotoLibraryAddUsageDescription = "撮った写真を写真アプリに保存するために使います。";
				INFOPLIST_KEY_UIApplicationSceneManifest_Generation = YES;
				INFOPLIST_KEY_UIApplicationSupportsIndirectInputEvents = YES;
				INFOPLIST_KEY_UILaunchScreen_Generation = YES;
				INFOPLIST_KEY_UIStatusBarHidden = YES;
				INFOPLIST_KEY_UIRequiresFullScreen = YES;
				INFOPLIST_KEY_UISupportedInterfaceOrientations_iPad = UIInterfaceOrientationPortrait;
				INFOPLIST_KEY_UISupportedInterfaceOrientations_iPhone = UIInterfaceOrientationPortrait;
				LD_RUNPATH_SEARCH_PATHS = (
					"$(inherited)",
					"@executable_path/Frameworks",
				);
				MARKETING_VERSION = 1.0;
				PRODUCT_BUNDLE_IDENTIFIER = "$(APP_BUNDLE_ID)";
				PRODUCT_NAME = "$(TARGET_NAME)";
				SWIFT_EMIT_LOC_STRINGS = YES;
				SWIFT_VERSION = 5.0;
				TARGETED_DEVICE_FAMILY = "1,2";
			};
			name = Release;
		};
		B7C8D9E0F1A2000000000018 /* Debug */ = {
			isa = XCBuildConfiguration;
			buildSettings = {
				CODE_SIGN_ENTITLEMENTS = Config/FilmCameraWidget.entitlements;
				CODE_SIGN_STYLE = Automatic;
				CURRENT_PROJECT_VERSION = 1;
				DEVELOPMENT_TEAM = "";
				GENERATE_INFOPLIST_FILE = YES;
				INFOPLIST_FILE = "Config/FilmCameraWidget-Info.plist";
				INFOPLIST_KEY_CFBundleDisplayName = "フィルムカメラ";
				INFOPLIST_KEY_NSHumanReadableCopyright = "";
				LD_RUNPATH_SEARCH_PATHS = (
					"$(inherited)",
					"@executable_path/Frameworks",
					"@executable_path/../../Frameworks",
				);
				MARKETING_VERSION = 1.0;
				PRODUCT_BUNDLE_IDENTIFIER = "$(APP_BUNDLE_ID).widget";
				PRODUCT_NAME = "$(TARGET_NAME)";
				SKIP_INSTALL = YES;
				SWIFT_EMIT_LOC_STRINGS = YES;
				SWIFT_VERSION = 5.0;
				TARGETED_DEVICE_FAMILY = "1,2";
			};
			name = Debug;
		};
		B7C8D9E0F1A2000000000019 /* Release */ = {
			isa = XCBuildConfiguration;
			buildSettings = {
				CODE_SIGN_ENTITLEMENTS = Config/FilmCameraWidget.entitlements;
				CODE_SIGN_STYLE = Automatic;
				CURRENT_PROJECT_VERSION = 1;
				DEVELOPMENT_TEAM = "";
				GENERATE_INFOPLIST_FILE = YES;
				INFOPLIST_FILE = "Config/FilmCameraWidget-Info.plist";
				INFOPLIST_KEY_CFBundleDisplayName = "フィルムカメラ";
				INFOPLIST_KEY_NSHumanReadableCopyright = "";
				LD_RUNPATH_SEARCH_PATHS = (
					"$(inherited)",
					"@executable_path/Frameworks",
					"@executable_path/../../Frameworks",
				);
				MARKETING_VERSION = 1.0;
				PRODUCT_BUNDLE_IDENTIFIER = "$(APP_BUNDLE_ID).widget";
				PRODUCT_NAME = "$(TARGET_NAME)";
				SKIP_INSTALL = YES;
				SWIFT_EMIT_LOC_STRINGS = YES;
				SWIFT_VERSION = 5.0;
				TARGETED_DEVICE_FAMILY = "1,2";
			};
			name = Release;
		};
		B7C8D9E0F1A2000000000028 /* Debug */ = {
			isa = XCBuildConfiguration;
			buildSettings = {
				CODE_SIGN_ENTITLEMENTS = Config/FilmCameraNotify.entitlements;
				CODE_SIGN_STYLE = Automatic;
				CURRENT_PROJECT_VERSION = 1;
				DEVELOPMENT_TEAM = "";
				GENERATE_INFOPLIST_FILE = YES;
				INFOPLIST_FILE = "Config/FilmCameraNotify-Info.plist";
				INFOPLIST_KEY_CFBundleDisplayName = "フィルムカメラ";
				INFOPLIST_KEY_NSHumanReadableCopyright = "";
				LD_RUNPATH_SEARCH_PATHS = (
					"$(inherited)",
					"@executable_path/Frameworks",
					"@executable_path/../../Frameworks",
				);
				MARKETING_VERSION = 1.0;
				PRODUCT_BUNDLE_IDENTIFIER = "$(APP_BUNDLE_ID).notify";
				PRODUCT_NAME = "$(TARGET_NAME)";
				SKIP_INSTALL = YES;
				SWIFT_EMIT_LOC_STRINGS = YES;
				SWIFT_VERSION = 5.0;
				TARGETED_DEVICE_FAMILY = "1,2";
			};
			name = Debug;
		};
		B7C8D9E0F1A2000000000029 /* Release */ = {
			isa = XCBuildConfiguration;
			buildSettings = {
				CODE_SIGN_ENTITLEMENTS = Config/FilmCameraNotify.entitlements;
				CODE_SIGN_STYLE = Automatic;
				CURRENT_PROJECT_VERSION = 1;
				DEVELOPMENT_TEAM = "";
				GENERATE_INFOPLIST_FILE = YES;
				INFOPLIST_FILE = "Config/FilmCameraNotify-Info.plist";
				INFOPLIST_KEY_CFBundleDisplayName = "フィルムカメラ";
				INFOPLIST_KEY_NSHumanReadableCopyright = "";
				LD_RUNPATH_SEARCH_PATHS = (
					"$(inherited)",
					"@executable_path/Frameworks",
					"@executable_path/../../Frameworks",
				);
				MARKETING_VERSION = 1.0;
				PRODUCT_BUNDLE_IDENTIFIER = "$(APP_BUNDLE_ID).notify";
				PRODUCT_NAME = "$(TARGET_NAME)";
				SKIP_INSTALL = YES;
				SWIFT_EMIT_LOC_STRINGS = YES;
				SWIFT_VERSION = 5.0;
				TARGETED_DEVICE_FAMILY = "1,2";
			};
			name = Release;
		};
/* End XCBuildConfiguration section */

/* Begin XCConfigurationList section */
		B7C8D9E0F1A2000000000007 /* Build configuration list for PBXNativeTarget "FilmCamera" */ = {
			isa = XCConfigurationList;
			buildConfigurations = (
				B7C8D9E0F1A200000000000E /* Debug */,
				B7C8D9E0F1A200000000000F /* Release */,
			);
			defaultConfigurationIsVisible = 0;
			defaultConfigurationName = Release;
		};
		B7C8D9E0F1A200000000000B /* Build configuration list for PBXProject "FilmCamera" */ = {
			isa = XCConfigurationList;
			buildConfigurations = (
				B7C8D9E0F1A200000000000C /* Debug */,
				B7C8D9E0F1A200000000000D /* Release */,
			);
			defaultConfigurationIsVisible = 0;
			defaultConfigurationName = Release;
		};
		B7C8D9E0F1A2000000000017 /* Build configuration list for PBXNativeTarget "FilmCameraWidget" */ = {
			isa = XCConfigurationList;
			buildConfigurations = (
				B7C8D9E0F1A2000000000018 /* Debug */,
				B7C8D9E0F1A2000000000019 /* Release */,
			);
			defaultConfigurationIsVisible = 0;
			defaultConfigurationName = Release;
		};
		B7C8D9E0F1A2000000000027 /* Build configuration list for PBXNativeTarget "FilmCameraNotify" */ = {
			isa = XCConfigurationList;
			buildConfigurations = (
				B7C8D9E0F1A2000000000028 /* Debug */,
				B7C8D9E0F1A2000000000029 /* Release */,
			);
			defaultConfigurationIsVisible = 0;
			defaultConfigurationName = Release;
		};
/* End XCConfigurationList section */
	};
	rootObject = B7C8D9E0F1A200000000000A /* Project object */;
}
